<?xml version="1.0" encoding="UTF-8" standalone="yes" ?>
<CodeBlocks_project_file>
	<FileVersion major="1" minor="6" />
	<Project>
		<Option title="tests" />
		<Option pch_mode="2" />
		<Option compiler="gcc" />
		<Build>
			<Target title="Debug">
				<Option output="../../../bin/tests" prefix_auto="1" extension_auto="1" />
				<Option object_output="obj/Debug/" />
				<Option type="1" />
				<Option compiler="gcc" />
				<Compiler>
					<Add option="-std=c++11" />
					<Add option="-Wall" />
					<Add option="-g" />
					<Add option="-ftest-coverage" />
					<Add option="-fprofile-arcs" />
				</Compiler>
				<Linker>
					<Add option="-fprofile-arcs" />
				</Linker>
			</Target>
			<Target title="Release">
				<Option output="../../../bin/tests" prefix_auto="1" extension_auto="1" />
				<Option object_output="obj/Release/" />
				<Option type="1" />
				<Option compiler="gcc" />
				<Compiler>
					<Add option="-O2" />
				</Compiler>
				<Linker>
					<Add option="-s" />
				</Linker>
			</Target>
		</Build>
		<Compiler>
			<Add option="-pedantic" />
			<Add option="-std=c++11" />
			<Add option="-Wall" />
			<Add directory="../../../src/core" />
			<Add directory="../../../tests/core" />
			<Add directory="../../../tests/framework" />
			<Add directory="../../../src/xml" />
			<Add directory="../../../tests/xml" />
			<Add directory="../../../src/gui" />
		</Compiler>
		<Unit filename="../../../src/core/refcount.hpp" />
		<Unit filename="../../../src/core/regions.cpp" />
		<Unit filename="../../../src/core/regions.hpp" />
		<Unit filename="../../../src/core/variant.cpp" />
		<Unit filename="../../../src/core/variant.hpp" />
		<Unit filename="../../../src/gui/gui.hpp" />
		<Unit filename="../../../src/gui/guibounds.hpp" />
		<Unit filename="../../../src/xml/xml.cpp" />
		<Unit filename="../../../src/xml/xml.hpp" />
		<Unit filename="../../../tests/core/test_refcount.cpp" />
		<Unit filename="../../../tests/core/test_refcount.hpp" />
		<Unit filename="../../../tests/core/test_variant.cpp" />
		<Unit filename="../../../tests/core/test_variant.hpp" />
		<Unit filename="../../../tests/framework/testframework.hpp" />
		<Unit filename="../../../tests/tests.cpp" />
		<Unit filename="../../../tests/xml/test_xml.cpp" />
		<Unit filename="../../../tests/xml/test_xml.hpp" />
		<Extensions>
			<code_completion />
			<envvars />
			<debugger />
			<lib_finder disable_auto="1" />
		</Extensions>
	</Project>
</CodeBlocks_project_file>
